<?xml version="1.0" encoding="utf-8"?>
<Project ToolsVersion="4.0" xmlns="http://schemas.microsoft.com/developer/msbuild/2003">
  <ItemGroup>
    <ClCompile Include="dllmain.cpp" />
    <ClCompile Include="RadLine.cpp" />
    <ClCompile Include="WinHelpers.cpp" />
    <ClCompile Include="Completion.cpp" />
    <ClCompile Include="RadReadConsole.cpp" />
    <ClCompile Include="Debug.cpp" />
  </ItemGroup>
  <ItemGroup>
    <ClInclude Include="WinHelpers.h" />
    <ClInclude Include="bufstring.h" />
    <ClInclude Include="Completion.h" />
    <ClInclude Include="Debug.h" />
    <ClInclude Include="RadLine.h" />
    <ClInclude Include="RadReadConsole.h" />
    <ClInclude Include="string_view.h" />
  </ItemGroup>
</Project>